// !$*UTF8*$!
{
	archiveVersion = 1;
	classes = {
	};
	objectVersion = 56;
	objects = {

/* Begin PBXBuildFile section */
		CD78A33B2CAF052E0033B8BE /* AppDelegate.swift in Sources */ = {isa = PBXBuildFile; fileRef = CD78A33A2CAF052E0033B8BE /* AppDelegate.swift */; };
		CD78A33D2CAF052E0033B8BE /* SceneDelegate.swift in Sources */ = {isa = PBXBuildFile; fileRef = CD78A33C2CAF052E0033B8BE /* SceneDelegate.swift */; };
		CD78A3442CAF052F0033B8BE /* Assets.xcassets in Resources */ = {isa = PBXBuildFile; fileRef = CD78A3432CAF052F0033B8BE /* Assets.xcassets */; };
		CD78A34F2CAF06DB0033B8BE /* Product.swift in Sources */ = {isa = PBXBuildFile; fileRef = CD78A34E2CAF06DB0033B8BE /* Product.swift */; };
		CD78A3512CAF07050033B8BE /* ApiService.swift in Sources */ = {isa = PBXBuildFile; fileRef = CD78A3502CAF07050033B8BE /* ApiService.swift */; };
		CD78A3532CAF07B80033B8BE /* ProductResponse.swift in Sources */ = {isa = PBXBuildFile; fileRef = CD78A3522CAF07B80033B8BE /* ProductResponse.swift */; };
		CD78A3552CAF07E00033B8BE /* ProductListViewController.swift in Sources */ = {isa = PBXBuildFile; fileRef = CD78A3542CAF07E00033B8BE /* ProductListViewController.swift */; };
		CD78A3572CAF082E0033B8BE /* ProductCoordinator.swift in Sources */ = {isa = PBXBuildFile; fileRef = CD78A3562CAF082E0033B8BE /* ProductCoordinator.swift */; };
		CD78A3592CAF34DC0033B8BE /* ProductDetailViewController.swift in Sources */ = {isa = PBXBuildFile; fileRef = CD78A3582CAF34DC0033B8BE /* ProductDetailViewController.swift */; };
		CD78A35B2CAF3CE50033B8BE /* ProductCell.swift in Sources */ = {isa = PBXBuildFile; fileRef = CD78A35A2CAF3CE50033B8BE /* ProductCell.swift */; };
		CD78A35D2CB0086D0033B8BE /* MainTabBarController.swift in Sources */ = {isa = PBXBuildFile; fileRef = CD78A35C2CB0086D0033B8BE /* MainTabBarController.swift */; };
/* End PBXBuildFile section */

/* Begin PBXFileReference section */
		CD78A3372CAF052E0033B8BE /* ProductApp.app */ = {isa = PBXFileReference; explicitFileType = wrapper.application; includeInIndex = 0; path = ProductApp.app; sourceTree = BUILT_PRODUCTS_DIR; };
		CD78A33A2CAF052E0033B8BE /* AppDelegate.swift */ = {isa = PBXFileReference; lastKnownFileType = sourcecode.swift; path = AppDelegate.swift; sourceTree = "<group>"; };
		CD78A33C2CAF052E0033B8BE /* SceneDelegate.swift */ = {isa = PBXFileReference; lastKnownFileType = sourcecode.swift; path = SceneDelegate.swift; sourceTree = "<group>"; };
		CD78A3432CAF052F0033B8BE /* Assets.xcassets */ = {isa = PBXFileReference; lastKnownFileType = folder.assetcatalog; path = Assets.xcassets; sourceTree = "<group>"; };
		CD78A3482CAF052F0033B8BE /* Info.plist */ = {isa = PBXFileReference; lastKnownFileType = text.plist.xml; path = Info.plist; sourceTree = "<group>"; };
		CD78A34E2CAF06DB0033B8BE /* Product.swift */ = {isa = PBXFileReference; lastKnownFileType = sourcecode.swift; path = Product.swift; sourceTree = "<group>"; };
		CD78A3502CAF07050033B8BE /* ApiService.swift */ = {isa = PBXFileReference; lastKnownFileType = sourcecode.swift; path = ApiService.swift; sourceTree = "<group>"; };
		CD78A3522CAF07B80033B8BE /* ProductResponse.swift */ = {isa = PBXFileReference; lastKnownFileType = sourcecode.swift; path = ProductResponse.swift; sourceTree = "<group>"; };
		CD78A3542CAF07E00033B8BE /* ProductListViewController.swift */ = {isa = PBXFileReference; lastKnownFileType = sourcecode.swift; path = ProductListViewController.swift; sourceTree = "<group>"; };
		CD78A3562CAF082E0033B8BE /* ProductCoordinator.swift */ = {isa = PBXFileReference; lastKnownFileType = sourcecode.swift; path = ProductCoordinator.swift; sourceTree = "<group>"; };
		CD78A3582CAF34DC0033B8BE /* ProductDetailViewController.swift */ = {isa = PBXFileReference; lastKnownFileType = sourcecode.swift; path = ProductDetailViewController.swift; sourceTree = "<group>"; };
		CD78A35A2CAF3CE50033B8BE /* ProductCell.swift */ = {isa = PBXFileReference; lastKnownFileType = sourcecode.swift; path = ProductCell.swift; sourceTree = "<group>"; };
		CD78A35C2CB0086D0033B8BE /* MainTabBarController.swift */ = {isa = PBXFileReference; lastKnownFileType = sourcecode.swift; path = MainTabBarController.swift; sourceTree = "<group>"; };
/* End PBXFileReference section */

/* Begin PBXFrameworksBuildPhase section */
		CD78A3342CAF052E0033B8BE /* Frameworks */ = {
			isa = PBXFrameworksBuildPhase;
			buildActionMask = 2147483647;
			files = (
			);
			runOnlyForDeploymentPostprocessing = 0;
		};
/* End PBXFrameworksBuildPhase section */

/* Begin PBXGroup section */
		CD78A32E2CAF052E0033B8BE = {
			isa = PBXGroup;
			children = (
				CD78A3392CAF052E0033B8BE /* ProductApp */,
				CD78A3382CAF052E0033B8BE /* Products */,
			);
			sourceTree = "<group>";
		};
		CD78A3382CAF052E0033B8BE /* Products */ = {
			isa = PBXGroup;
			children = (
				CD78A3372CAF052E0033B8BE /* ProductApp.app */,
			);
			name = Products;
			sourceTree = "<group>";
		};
		CD78A3392CAF052E0033B8BE /* ProductApp */ = {
			isa = PBXGroup;
			children = (
				CD78A33A2CAF052E0033B8BE /* AppDelegate.swift */,
				CD78A33C2CAF052E0033B8BE /* SceneDelegate.swift */,
				CD78A3432CAF052F0033B8BE /* Assets.xcassets */,
				CD78A3482CAF052F0033B8BE /* Info.plist */,
				CD78A34E2CAF06DB0033B8BE /* Product.swift */,
				CD78A3502CAF07050033B8BE /* ApiService.swift */,
				CD78A3542CAF07E00033B8BE /* ProductListViewController.swift */,
				CD78A35A2CAF3CE50033B8BE /* ProductCell.swift */,
				CD78A3562CAF082E0033B8BE /* ProductCoordinator.swift */,
				CD78A3582CAF34DC0033B8BE /* ProductDetailViewController.swift */,
				CD78A3522CAF07B80033B8BE /* ProductResponse.swift */,
				CD78A35C2CB0086D0033B8BE /* MainTabBarController.swift */,
			);
			path = ProductApp;
			sourceTree = "<group>";
		};
/* End PBXGroup section */

/* Begin PBXNativeTarget section */
		CD78A3362CAF052E0033B8BE /* ProductApp */ = {
			isa = PBXNativeTarget;
			buildConfigurationList = CD78A34B2CAF052F0033B8BE /* Build configuration list for PBXNativeTarget "ProductApp" */;
			buildPhases = (
				CD78A3332CAF052E0033B8BE /* Sources */,
				CD78A3342CAF052E0033B8BE /* Frameworks */,
				CD78A3352CAF052E0033B8BE /* Resources */,
			);
			buildRules = (
			);
			dependencies = (
			);
			name = ProductApp;
			productName = ProductApp;
			productReference = CD78A3372CAF052E0033B8BE /* ProductApp.app */;
			productType = "com.apple.product-type.application";
		};
/* End PBXNativeTarget section */

/* Begin PBXProject section */
		CD78A32F2CAF052E0033B8BE /* Project object */ = {
			isa = PBXProject;
			attributes = {
				BuildIndependentTargetsInParallel = 1;
				LastSwiftUpdateCheck = 1520;
				LastUpgradeCheck = 1520;
				TargetAttributes = {
					CD78A3362CAF052E0033B8BE = {
						CreatedOnToolsVersion = 15.2;
					};
				};
			};
			buildConfigurationList = CD78A3322CAF052E0033B8BE /* Build configuration list for PBXProject "ProductApp" */;
			compatibilityVersion = "Xcode 14.0";
			developmentRegion = en;
			hasScannedForEncodings = 0;
			knownRegions = (
				en,
				Base,
			);
			mainGroup = CD78A32E2CAF052E0033B8BE;
			productRefGroup = CD78A3382CAF052E0033B8BE /* Products */;
			projectDirPath = "";
			projectRoot = "";
			targets = (
				CD78A3362CAF052E0033B8BE /* ProductApp */,
			);
		};
/* End PBXProject section */

/* Begin PBXResourcesBuildPhase section */
		CD78A3352CAF052E0033B8BE /* Resources */ = {
			isa = PBXResourcesBuildPhase;
			buildActionMask = 2147483647;
			files = (
				CD78A3442CAF052F0033B8BE /* Assets.xcassets in Resources */,
			);
			runOnlyForDeploymentPostprocessing = 0;
		};
/* End PBXResourcesBuildPhase section */

/* Begin PBXSourcesBuildPhase section */
		CD78A3332CAF052E0033B8BE /* Sources */ = {
			isa = PBXSourcesBuildPhase;
			buildActionMask = 2147483647;
			files = (
				CD78A3572CAF082E0033B8BE /* ProductCoordinator.swift in Sources */,
				CD78A3532CAF07B80033B8BE /* ProductResponse.swift in Sources */,
				CD78A35D2CB0086D0033B8BE /* MainTabBarController.swift in Sources */,
				CD78A3552CAF07E00033B8BE /* ProductListViewController.swift in Sources */,
				CD78A3512CAF07050033B8BE /* ApiService.swift in Sources */,
				CD78A34F2CAF06DB0033B8BE /* Product.swift in Sources */,
				CD78A3592CAF34DC0033B8BE /* ProductDetailViewController.swift in Sources */,
				CD78A35B2CAF3CE50033B8BE /* ProductCell.swift in Sources */,
				CD78A33B2CAF052E0033B8BE /* AppDelegate.swift in Sources */,
				CD78A33D2CAF052E0033B8BE /* SceneDelegate.swift in Sources */,
			);
			runOnlyForDeploymentPostprocessing = 0;
		};
/* End PBXSourcesBuildPhase section */

/* Begin XCBuildConfiguration section */
		CD78A3492CAF052F0033B8BE /* Debug */ = {
			isa = XCBuildConfiguration;
			buildSettings = {
				ALWAYS_SEARCH_USER_PATHS = NO;
				ASSETCATALOG_COMPILER_GENERATE_SWIFT_ASSET_SYMBOL_EXTENSIONS = YES;
				CLANG_ANALYZER_NONNULL = YES;
				CLANG_ANALYZER_NUMBER_OBJECT_CONVERSION = YES_AGGRESSIVE;
				CLANG_CXX_LANGUAGE_STANDARD = "gnu++20";
				CLANG_ENABLE_MODULES = YES;
				CLANG_ENABLE_OBJC_ARC = YES;
				CLANG_ENABLE_OBJC_WEAK = YES;
				CLANG_WARN_BLOCK_CAPTURE_AUTORELEASING = YES;
				CLANG_WARN_BOOL_CONVERSION = YES;
				CLANG_WARN_COMMA = YES;
				CLANG_WARN_CONSTANT_CONVERSION = YES;
				CLANG_WARN_DEPRECATED_OBJC_IMPLEMENTATIONS = YES;
				CLANG_WARN_DIRECT_OBJC_ISA_USAGE = YES_ERROR;
				CLANG_WARN_DOCUMENTATION_COMMENTS = YES;
				CLANG_WARN_EMPTY_BODY = YES;
				CLANG_WARN_ENUM_CONVERSION = YES;
				CLANG_WARN_INFINITE_RECURSION = YES;
				CLANG_WARN_INT_CONVERSION = YES;
				CLANG_WARN_NON_LITERAL_NULL_CONVERSION = YES;
				CLANG_WARN_OBJC_IMPLICIT_RETAIN_SELF = YES;
				CLANG_WARN_OBJC_LITERAL_CONVERSION = YES;
				CLANG_WARN_OBJC_ROOT_CLASS = YES_ERROR;
				CLANG_WARN_QUOTED_INCLUDE_IN_FRAMEWORK_HEADER = YES;
				CLANG_WARN_RANGE_LOOP_ANALYSIS = YES;
				CLANG_WARN_STRICT_PROTOTYPES = YES;
				CLANG_WARN_SUSPICIOUS_MOVE = YES;
				CLANG_WARN_UNGUARDED_AVAILABILITY = YES_AGGRESSIVE;
				CLANG_WARN_UNREACHABLE_CODE = YES;
				CLANG_WARN__DUPLICATE_METHOD_MATCH = YES;
				COPY_PHASE_STRIP = NO;
				DEBUG_INFORMATION_FORMAT = dwarf;
				ENABLE_STRICT_OBJC_MSGSEND = YES;
				ENABLE_TESTABILITY = YES;
				ENABLE_USER_SCRIPT_SANDBOXING = YES;
				GCC_C_LANGUAGE_STANDARD = gnu17;
				GCC_DYNAMIC_NO_PIC = NO;
				GCC_NO_COMMON_BLOCKS = YES;
				GCC_OPTIMIZATION_LEVEL = 0;
				GCC_PREPROCESSOR_DEFINITIONS = (
					"DEBUG=1",
					"$(inherited)",
				);
				GCC_WARN_64_TO_32_BIT_CONVERSION = YES;
				GCC_WARN_ABOUT_RETURN_TYPE = YES_ERROR;
				GCC_WARN_UNDECLARED_SELECTOR = YES;
				GCC_WARN_UNINITIALIZED_AUTOS = YES_AGGRESSIVE;
				GCC_WARN_UNUSED_FUNCTION = YES;
				GCC_WARN_UNUSED_VARIABLE = YES;
				IPHONEOS_DEPLOYMENT_TARGET = 17.2;
				LOCALIZATION_PREFERS_STRING_CATALOGS = YES;
				MTL_ENABLE_DEBUG_INFO = INCLUDE_SOURCE;
				MTL_FAST_MATH = YES;
				ONLY_ACTIVE_ARCH = YES;
				SDKROOT = iphoneos;
				SWIFT_ACTIVE_COMPILATION_CONDITIONS = "DEBUG $(inherited)";
				SWIFT_OPTIMIZATION_LEVEL = "-Onone";
			};
			name = Debug;
		};
		CD78A34A2CAF052F0033B8BE /* Release */ = {
			isa = XCBuildConfiguration;
			buildSettings = {
				ALWAYS_SEARCH_USER_PATHS = NO;
				ASSETCATALOG_COMPILER_GENERATE_SWIFT_ASSET_SYMBOL_EXTENSIONS = YES;
				CLANG_ANALYZER_NONNULL = YES;
				CLANG_ANALYZER_NUMBER_OBJECT_CONVERSION = YES_AGGRESSIVE;
				CLANG_CXX_LANGUAGE_STANDARD = "gnu++20";
				CLANG_ENABLE_MODULES = YES;
				CLANG_ENABLE_OBJC_ARC = YES;
				CLANG_ENABLE_OBJC_WEAK = YES;
				CLANG_WARN_BLOCK_CAPTURE_AUTORELEASING = YES;
				CLANG_WARN_BOOL_CONVERSION = YES;
				CLANG_WARN_COMMA = YES;
				CLANG_WARN_CONSTANT_CONVERSION = YES;
				CLANG_WARN_DEPRECATED_OBJC_IMPLEMENTATIONS = YES;
				CLANG_WARN_DIRECT_OBJC_ISA_USAGE = YES_ERROR;
				CLANG_WARN_DOCUMENTATION_COMMENTS = YES;
				CLANG_WARN_EMPTY_BODY = YES;
				CLANG_WARN_ENUM_CONVERSION = YES;
				CLANG_WARN_INFINITE_RECURSION = YES;
				CLANG_WARN_INT_CONVERSION = YES;
				CLANG_WARN_NON_LITERAL_NULL_CONVERSION = YES;
				CLANG_WARN_OBJC_IMPLICIT_RETAIN_SELF = YES;
				CLANG_WARN_OBJC_LITERAL_CONVERSION = YES;
				CLANG_WARN_OBJC_ROOT_CLASS = YES_ERROR;
				CLANG_WARN_QUOTED_INCLUDE_IN_FRAMEWORK_HEADER = YES;
				CLANG_WARN_RANGE_LOOP_ANALYSIS = YES;
				CLANG_WARN_STRICT_PROTOTYPES = YES;
				CLANG_WARN_SUSPICIOUS_MOVE = YES;
				CLANG_WARN_UNGUARDED_AVAILABILITY = YES_AGGRESSIVE;
				CLANG_WARN_UNREACHABLE_CODE = YES;
				CLANG_WARN__DUPLICATE_METHOD_MATCH = YES;
				COPY_PHASE_STRIP = NO;
				DEBUG_INFORMATION_FORMAT = "dwarf-with-dsym";
				ENABLE_NS_ASSERTIONS = NO;
				ENABLE_STRICT_OBJC_MSGSEND = YES;
				ENABLE_USER_SCRIPT_SANDBOXING = YES;
				GCC_C_LANGUAGE_STANDARD = gnu17;
				GCC_NO_COMMON_BLOCKS = YES;
				GCC_WARN_64_TO_32_BIT_CONVERSION = YES;
				GCC_WARN_ABOUT_RETURN_TYPE = YES_ERROR;
				GCC_WARN_UNDECLARED_SELECTOR = YES;
				GCC_WARN_UNINITIALIZED_AUTOS = YES_AGGRESSIVE;
				GCC_WARN_UNUSED_FUNCTION = YES;
				GCC_WARN_UNUSED_VARIABLE = YES;
				IPHONEOS_DEPLOYMENT_TARGET = 17.2;
				LOCALIZATION_PREFERS_STRING_CATALOGS = YES;
				MTL_ENABLE_DEBUG_INFO = NO;
				MTL_FAST_MATH = YES;
				SDKROOT = iphoneos;
				SWIFT_COMPILATION_MODE = wholemodule;
				VALIDATE_PRODUCT = YES;
			};
			name = Release;
		};
		CD78A34C2CAF052F0033B8BE /* Debug */ = {
			isa = XCBuildConfiguration;
			buildSettings = {
				ASSETCATALOG_COMPILER_APPICON_NAME = AppIcon;
				ASSETCATALOG_COMPILER_GLOBAL_ACCENT_COLOR_NAME = AccentColor;
				CODE_SIGN_STYLE = Automatic;
				CURRENT_PROJECT_VERSION = 1;
				DEVELOPMENT_TEAM = 52W5AMT5C2;
				GENERATE_INFOPLIST_FILE = YES;
				INFOPLIST_FILE = ProductApp/Info.plist;
				INFOPLIST_KEY_UIApplicationSupportsIndirectInputEvents = YES;
				INFOPLIST_KEY_UILaunchStoryboardName = LaunchScreen;
				INFOPLIST_KEY_UISupportedInterfaceOrientations_iPad = "UIInterfaceOrientationPortrait UIInterfaceOrientationPortraitUpsideDown UIInterfaceOrientationLandscapeLeft UIInterfaceOrientationLandscapeRight";
				INFOPLIST_KEY_UISupportedInterfaceOrientations_iPhone = "UIInterfaceOrientationPortrait UIInterfaceOrientationLandscapeLeft UIInterfaceOrientationLandscapeRight";
				LD_RUNPATH_SEARCH_PATHS = (
					"$(inherited)",
					"@executable_path/Frameworks",
				);
				MARKETING_VERSION = 1.0;
				PRODUCT_BUNDLE_IDENTIFIER = mbayi.ProductApp;
				PRODUCT_NAME = "$(TARGET_NAME)";
				SWIFT_EMIT_LOC_STRINGS = YES;
				SWIFT_VERSION = 5.0;
				TARGETED_DEVICE_FAMILY = "1,2";
			};
			name = Debug;
		};
		CD78A34D2CAF052F0033B8BE /* Release */ = {
			isa = XCBuildConfiguration;
			buildSettings = {
				ASSETCATALOG_COMPILER_APPICON_NAME = AppIcon;
				ASSETCATALOG_COMPILER_GLOBAL_ACCENT_COLOR_NAME = AccentColor;
				CODE_SIGN_STYLE = Automatic;
				CURRENT_PROJECT_VERSION = 1;
				DEVELOPMENT_TEAM = 52W5AMT5C2;
				GENERATE_INFOPLIST_FILE = YES;
				INFOPLIST_FILE = ProductApp/Info.plist;
				INFOPLIST_KEY_UIApplicationSupportsIndirectInputEvents = YES;
				INFOPLIST_KEY_UILaunchStoryboardName = LaunchScreen;
				INFOPLIST_KEY_UISupportedInterfaceOrientations_iPad = "UIInterfaceOrientationPortrait UIInterfaceOrientationPortraitUpsideDown UIInterfaceOrientationLandscapeLeft UIInterfaceOrientationLandscapeRight";
				INFOPLIST_KEY_UISupportedInterfaceOrientations_iPhone = "UIInterfaceOrientationPortrait UIInterfaceOrientationLandscapeLeft UIInterfaceOrientationLandscapeRight";
				LD_RUNPATH_SEARCH_PATHS = (
					"$(inherited)",
					"@executable_path/Frameworks",
				);
				MARKETING_VERSION = 1.0;
				PRODUCT_BUNDLE_IDENTIFIER = mbayi.ProductApp;
				PRODUCT_NAME = "$(TARGET_NAME)";
				SWIFT_EMIT_LOC_STRINGS = YES;
				SWIFT_VERSION = 5.0;
				TARGETED_DEVICE_FAMILY = "1,2";
			};
			name = Release;
		};
/* End XCBuildConfiguration section */

/* Begin XCConfigurationList section */
		CD78A3322CAF052E0033B8BE /* Build configuration list for PBXProject "ProductApp" */ = {
			isa = XCConfigurationList;
			buildConfigurations = (
				CD78A3492CAF052F0033B8BE /* Debug */,
				CD78A34A2CAF052F0033B8BE /* Release */,
			);
			defaultConfigurationIsVisible = 0;
			defaultConfigurationName = Release;
		};
		CD78A34B2CAF052F0033B8BE /* Build configuration list for PBXNativeTarget "ProductApp" */ = {
			isa = XCConfigurationList;
			buildConfigurations = (
				CD78A34C2CAF052F0033B8BE /* Debug */,
				CD78A34D2CAF052F0033B8BE /* Release */,
			);
			defaultConfigurationIsVisible = 0;
			defaultConfigurationName = Release;
		};
/* End XCConfigurationList section */
	};
	rootObject = CD78A32F2CAF052E0033B8BE /* Project object */;
}
